version = 1
requires-python = ">=3.10"

[[package]]
name = "appdirs"
version = "1.4.4"
source = { registry = "https://pypi.org/simple" }
sdist = { url = "https://files.pythonhosted.org/packages/d7/d8/05696357e0311f5b5c316d7b95f46c669dd9c15aaeecbb48c7d0aeb88c40/appdirs-1.4.4.tar.gz", hash = "sha256:7d5d0167b2b1ba821647616af46a749d1c653740dd0d2415100fe26e27afdf41", size = 13470 }
wheels = [
    { url = "https://files.pythonhosted.org/packages/3b/00/2344469e2084fb287c2e0b57b72910309874c3245463acd6cf5e3db69324/appdirs-1.4.4-py2.py3-none-any.whl", hash = "sha256:a841dacd6b99318a741b166adb07e19ee71a274450e68237b4650ca1055ab128", size = 9566 },
]

[[package]]
name = "argcomplete"
version = "1.12.3"
source = { registry = "https://pypi.org/simple" }
sdist = { url = "https://files.pythonhosted.org/packages/6a/b4/3b1d48b61be122c95f4a770b2f42fc2552857616feba4d51f34611bd1352/argcomplete-1.12.3.tar.gz", hash = "sha256:2c7dbffd8c045ea534921e63b0be6fe65e88599990d8dc408ac8c542b72a5445", size = 76128 }
wheels = [
    { url = "https://files.pythonhosted.org/packages/b7/9e/9dc74d330c07866d72f62d553fe8bdbe32786ff247a14e68b5659963e6bd/argcomplete-1.12.3-py2.py3-none-any.whl", hash = "sha256:291f0beca7fd49ce285d2f10e4c1c77e9460cf823eef2de54df0c0fec88b0d81", size = 38333 },
]

[[package]]
name = "attrs"
version = "24.3.0"
source = { registry = "https://pypi.org/simple" }
sdist = { url = "https://files.pythonhosted.org/packages/48/c8/6260f8ccc11f0917360fc0da435c5c9c7504e3db174d5a12a1494887b045/attrs-24.3.0.tar.gz", hash = "sha256:8f5c07333d543103541ba7be0e2ce16eeee8130cb0b3f9238ab904ce1e85baff", size = 805984 }
wheels = [
    { url = "https://files.pythonhosted.org/packages/89/aa/ab0f7891a01eeb2d2e338ae8fecbe57fcebea1a24dbb64d45801bfab481d/attrs-24.3.0-py3-none-any.whl", hash = "sha256:ac96cd038792094f438ad1f6ff80837353805ac950cd2aa0e0625ef19850c308", size = 63397 },
]

[[package]]
name = "colorama"
version = "0.4.6"
source = { registry = "https://pypi.org/simple" }
sdist = { url = "https://files.pythonhosted.org/packages/d8/53/6f443c9a4a8358a93a6792e2acffb9d9d5cb0a5cfd8802644b7b1c9a02e4/colorama-0.4.6.tar.gz", hash = "sha256:08695f5cb7ed6e0531a20572697297273c47b8cae5a63ffc6d6ed5c201be6e44", size = 27697 }
wheels = [
    { url = "https://files.pythonhosted.org/packages/d1/d6/3965ed04c63042e047cb6a3e6ed1a63a35087b6a609aa3a15ed8ac56c221/colorama-0.4.6-py2.py3-none-any.whl", hash = "sha256:4f1d9991f5acc0ca119f9d443620b77f9d6b33703e51011c16baf57afb285fc6", size = 25335 },
]

[[package]]
name = "dotty-dict"
version = "1.3.1"
source = { registry = "https://pypi.org/simple" }
sdist = { url = "https://files.pythonhosted.org/packages/6a/ab/88d67f02024700b48cd8232579ad1316aa9df2272c63049c27cc094229d6/dotty_dict-1.3.1.tar.gz", hash = "sha256:4b016e03b8ae265539757a53eba24b9bfda506fb94fbce0bee843c6f05541a15", size = 7699 }
wheels = [
    { url = "https://files.pythonhosted.org/packages/1a/91/e0d457ee03ec33d79ee2cd8d212debb1bc21dfb99728ae35efdb5832dc22/dotty_dict-1.3.1-py3-none-any.whl", hash = "sha256:5022d234d9922f13aa711b4950372a06a6d64cb6d6db9ba43d0ba133ebfce31f", size = 7014 },
]

[[package]]
name = "halo"
version = "0.0.31"
source = { registry = "https://pypi.org/simple" }
dependencies = [
    { name = "colorama" },
    { name = "log-symbols" },
    { name = "six" },
    { name = "spinners" },
    { name = "termcolor" },
]
sdist = { url = "https://files.pythonhosted.org/packages/ee/48/d53580d30b1fabf25d0d1fcc3f5b26d08d2ac75a1890ff6d262f9f027436/halo-0.0.31.tar.gz", hash = "sha256:7b67a3521ee91d53b7152d4ee3452811e1d2a6321975137762eb3d70063cc9d6", size = 11666 }

[[package]]
name = "hid"
version = "1.0.6"
source = { registry = "https://pypi.org/simple" }
sdist = { url = "https://files.pythonhosted.org/packages/50/b8/5f470948262b6cdda8e1b2382b19f67c57eacda1e07a14322807b911e0ce/hid-1.0.6.tar.gz", hash = "sha256:48d764d7ae9746ba123b96dbf457893ca80268b7791c4b1d2e051310eeb83860", size = 4837 }
wheels = [
    { url = "https://files.pythonhosted.org/packages/fc/13/8d675bbc77b13f79558d0fd726f6b3d8c2ee0007a529efd0c6daa8763923/hid-1.0.6-py3-none-any.whl", hash = "sha256:60446054aec54a767d9a4e97920761f41809a055c6d51c54879e37a706dcb588", size = 4882 },
]

[[package]]
name = "hjson"
version = "3.0.2"
source = { registry = "https://pypi.org/simple" }
sdist = { url = "https://files.pythonhosted.org/packages/bd/dd/c0eb550f14daf2a15d387dd1479dd4880fefcfa66d42e64454feecc18331/hjson-3.0.2.tar.gz", hash = "sha256:2838fd7200e5839ea4516ece953f3a19892c41089f0d933ba3f68e596aacfcd5", size = 39141 }
wheels = [
    { url = "https://files.pythonhosted.org/packages/74/da/f7c0e3407f1f600326ff762373f57971a16b771435736b70ce9c24fbe761/hjson-3.0.2-py3-none-any.whl", hash = "sha256:5546438bf4e1b52bc964c6a47c4ed10fa5fba8a1b264e22efa893e333baad2db", size = 54236 },
]

[[package]]
name = "jsonschema"
version = "4.23.0"
source = { registry = "https://pypi.org/simple" }
dependencies = [
    { name = "attrs" },
    { name = "jsonschema-specifications" },
    { name = "referencing" },
    { name = "rpds-py" },
]
sdist = { url = "https://files.pythonhosted.org/packages/38/2e/03362ee4034a4c917f697890ccd4aec0800ccf9ded7f511971c75451deec/jsonschema-4.23.0.tar.gz", hash = "sha256:d71497fef26351a33265337fa77ffeb82423f3ea21283cd9467bb03999266bc4", size = 325778 }
wheels = [
    { url = "https://files.pythonhosted.org/packages/69/4a/4f9dbeb84e8850557c02365a0eee0649abe5eb1d84af92a25731c6c0f922/jsonschema-4.23.0-py3-none-any.whl", hash = "sha256:fbadb6f8b144a8f8cf9f0b89ba94501d143e50411a1278633f56a7acf7fd5566", size = 88462 },
]

[[package]]
name = "jsonschema-specifications"
version = "2024.10.1"
source = { registry = "https://pypi.org/simple" }
dependencies = [
    { name = "referencing" },
]
sdist = { url = "https://files.pythonhosted.org/packages/10/db/58f950c996c793472e336ff3655b13fbcf1e3b359dcf52dcf3ed3b52c352/jsonschema_specifications-2024.10.1.tar.gz", hash = "sha256:0f38b83639958ce1152d02a7f062902c41c8fd20d558b0c34344292d417ae272", size = 15561 }
wheels = [
    { url = "https://files.pythonhosted.org/packages/d1/0f/8910b19ac0670a0f80ce1008e5e751c4a57e14d2c4c13a482aa6079fa9d6/jsonschema_specifications-2024.10.1-py3-none-any.whl", hash = "sha256:a09a0680616357d9a0ecf05c12ad234479f549239d0f5b55f3deea67475da9bf", size = 18459 },
]

[[package]]
name = "log-symbols"
version = "0.0.14"
source = { registry = "https://pypi.org/simple" }
dependencies = [
    { name = "colorama" },
]
sdist = { url = "https://files.pythonhosted.org/packages/45/87/e86645d758a4401c8c81914b6a88470634d1785c9ad09823fa4a1bd89250/log_symbols-0.0.14.tar.gz", hash = "sha256:cf0bbc6fe1a8e53f0d174a716bc625c4f87043cc21eb55dd8a740cfe22680556", size = 3211 }
wheels = [
    { url = "https://files.pythonhosted.org/packages/28/5d/d710c38be68b0fb54e645048fe359c3904cc3cb64b2de9d40e1712bf110c/log_symbols-0.0.14-py3-none-any.whl", hash = "sha256:4952106ff8b605ab7d5081dd2c7e6ca7374584eff7086f499c06edd1ce56dcca", size = 3081 },
]

[[package]]
name = "milc"
version = "1.9.0"
source = { registry = "https://pypi.org/simple" }
dependencies = [
    { name = "argcomplete" },
    { name = "colorama" },
    { name = "halo" },
    { name = "platformdirs" },
    { name = "spinners" },
    { name = "types-colorama" },
]
sdist = { url = "https://files.pythonhosted.org/packages/f6/57/a578e650f11d4bf79cedcd01002ad526bd8041b378bb47f03cb022e4cb9c/milc-1.9.0.tar.gz", hash = "sha256:c02ac9a23148a1fb4f339022e929a658ab2c8fe8c1cad10a9bb1226358cc71ce", size = 28035 }
wheels = [
    { url = "https://files.pythonhosted.org/packages/5d/dd/57e54f6f675e230b6d592ba03956fe8a2ebfad9bbe7718fc61b71d554d8c/milc-1.9.0-py2.py3-none-any.whl", hash = "sha256:2a599ccc554d0af3cbf23144b57edf69ed25d88bf91b6cfe5dda98355352d94b", size = 29077 },
]

[[package]]
name = "pillow"
version = "9.1.1"
source = { registry = "https://pypi.org/simple" }
sdist = { url = "https://files.pythonhosted.org/packages/43/6e/59853546226ee6200f9ba6e574d11604b60ad0754d2cbd1c8f3246b70418/Pillow-9.1.1.tar.gz", hash = "sha256:7502539939b53d7565f3d11d87c78e7ec900d3c72945d4ee0e2f250d598309a0", size = 49764564 }
wheels = [
    { url = "https://files.pythonhosted.org/packages/12/8e/ae0a7bad43a812e86cfb6b76e9bfd9ca469cd62253857c23eb1c4bcf6675/Pillow-9.1.1-cp310-cp310-macosx_10_10_x86_64.whl", hash = "sha256:42dfefbef90eb67c10c45a73a9bc1599d4dac920f7dfcbf4ec6b80cb620757fe", size = 3120353 },
    { url = "https://files.pythonhosted.org/packages/82/57/b6d336373c6f3e2cc55418096d4d9a8c499ce11710e45fe394a99ba363da/Pillow-9.1.1-cp310-cp310-macosx_11_0_arm64.whl", hash = "sha256:ffde4c6fabb52891d81606411cbfaf77756e3b561b566efd270b3ed3791fde4e", size = 2769438 },
    { url = "https://files.pythonhosted.org/packages/d4/b1/fd59075b9ab0df54d25d1276916188e76350a6bcc6244eabe0b24ab8e7ad/Pillow-9.1.1-cp310-cp310-manylinux_2_17_aarch64.manylinux2014_aarch64.whl", hash = "sha256:9c857532c719fb30fafabd2371ce9b7031812ff3889d75273827633bca0c4602", size = 3048768 },
    { url = "https://files.pythonhosted.org/packages/62/c9/13cfb26fde017ddde099201756918eb13d9e449ab6a52b6d0a455ea54786/Pillow-9.1.1-cp310-cp310-manylinux_2_17_i686.manylinux2014_i686.whl", hash = "sha256:59789a7d06c742e9d13b883d5e3569188c16acb02eeed2510fd3bfdbc1bd1530", size = 3231706 },
    { url = "https://files.pythonhosted.org/packages/ea/b9/a6de0fcd81760d8d52ff9054cd84ba5eb75c2cf5043e3b4fad9119ebf9d9/Pillow-9.1.1-cp310-cp310-manylinux_2_17_x86_64.manylinux2014_x86_64.whl", hash = "sha256:4d45dbe4b21a9679c3e8b3f7f4f42a45a7d3ddff8a4a16109dff0e1da30a35b2", size = 3148293 },
    { url = "https://files.pythonhosted.org/packages/f3/93/97d83b100e660431028411d4c459c2c10f528e4257df9f9bb03a0a55adac/Pillow-9.1.1-cp310-cp310-musllinux_1_1_x86_64.whl", hash = "sha256:e9ed59d1b6ee837f4515b9584f3d26cf0388b742a11ecdae0d9237a94505d03a", size = 3248141 },
    { url = "https://files.pythonhosted.org/packages/f9/82/086062194530858eed1d4b35e7f824d5891ad54fd46662199e65ae4d4f6f/Pillow-9.1.1-cp310-cp310-win32.whl", hash = "sha256:b3fe2ff1e1715d4475d7e2c3e8dabd7c025f4410f79513b4ff2de3d51ce0fa9c", size = 2838092 },
    { url = "https://files.pythonhosted.org/packages/0a/f8/f4a5e9c5f35fbb2e3bfd9b9596d0937e8242ae14ae4172da12dd770c7bdc/Pillow-9.1.1-cp310-cp310-win_amd64.whl", hash = "sha256:5b650dbbc0969a4e226d98a0b440c2f07a850896aed9266b6fedc0f7e7834108", size = 3284173 },
]

[[package]]
name = "platformdirs"
version = "4.3.6"
source = { registry = "https://pypi.org/simple" }
sdist = { url = "https://files.pythonhosted.org/packages/13/fc/128cc9cb8f03208bdbf93d3aa862e16d376844a14f9a0ce5cf4507372de4/platformdirs-4.3.6.tar.gz", hash = "sha256:357fb2acbc885b0419afd3ce3ed34564c13c9b95c89360cd9563f73aa5e2b907", size = 21302 }
wheels = [
    { url = "https://files.pythonhosted.org/packages/3c/a6/bc1012356d8ece4d66dd75c4b9fc6c1f6650ddd5991e421177d9f8f671be/platformdirs-4.3.6-py3-none-any.whl", hash = "sha256:73e575e1408ab8103900836b97580d5307456908a03e92031bab39e4554cc3fb", size = 18439 },
]

[[package]]
name = "pygments"
version = "2.9.0"
source = { registry = "https://pypi.org/simple" }
sdist = { url = "https://files.pythonhosted.org/packages/ba/6e/7a7c13c21d8a4a7f82ccbfe257a045890d4dbf18c023f985f565f97393e3/Pygments-2.9.0.tar.gz", hash = "sha256:a18f47b506a429f6f4b9df81bb02beab9ca21d0a5fee38ed15aef65f0545519f", size = 4048049 }
wheels = [
    { url = "https://files.pythonhosted.org/packages/a6/c9/be11fce9810793676017f79ffab3c6cb18575844a6c7b8d4ed92f95de604/Pygments-2.9.0-py3-none-any.whl", hash = "sha256:d66e804411278594d764fc69ec36ec13d9ae9147193a1740cd34d272ca383b8e", size = 1006189 },
]

[[package]]
name = "pyserial"
version = "3.5"
source = { registry = "https://pypi.org/simple" }
sdist = { url = "https://files.pythonhosted.org/packages/1e/7d/ae3f0a63f41e4d2f6cb66a5b57197850f919f59e558159a4dd3a818f5082/pyserial-3.5.tar.gz", hash = "sha256:3c77e014170dfffbd816e6ffc205e9842efb10be9f58ec16d3e8675b4925cddb", size = 159125 }
wheels = [
    { url = "https://files.pythonhosted.org/packages/07/bc/587a445451b253b285629263eb51c2d8e9bcea4fc97826266d186f96f558/pyserial-3.5-py2.py3-none-any.whl", hash = "sha256:c4451db6ba391ca6ca299fb3ec7bae67a5c55dde170964c7a14ceefec02f2cf0", size = 90585 },
]

[[package]]
name = "pyusb"
version = "1.2.1"
source = { registry = "https://pypi.org/simple" }
sdist = { url = "https://files.pythonhosted.org/packages/d9/6e/433a5614132576289b8643fe598dd5d51b16e130fd591564be952e15bb45/pyusb-1.2.1.tar.gz", hash = "sha256:a4cc7404a203144754164b8b40994e2849fde1cfff06b08492f12fff9d9de7b9", size = 75292 }
wheels = [
    { url = "https://files.pythonhosted.org/packages/15/a8/4982498b2ab44d1fcd5c49f07ea3795eab01601dc143b009d333fcace3b9/pyusb-1.2.1-py3-none-any.whl", hash = "sha256:2b4c7cb86dbadf044dfb9d3a4ff69fd217013dbe78a792177a3feb172449ea36", size = 58439 },
]

[[package]]
name = "qmk"
version = "1.1.6"
source = { registry = "https://pypi.org/simple" }
dependencies = [
    { name = "dotty-dict" },
    { name = "hid" },
    { name = "hjson" },
    { name = "jsonschema" },
    { name = "milc" },
    { name = "pillow" },
    { name = "pygments" },
    { name = "pyserial" },
    { name = "pyusb" },
    { name = "setuptools" },
]
sdist = { url = "https://files.pythonhosted.org/packages/60/50/9e54ed9df8c8c069ed78628200104a4d3062c87ed87bc8dce4af12779254/qmk-1.1.6.tar.gz", hash = "sha256:dc436cdbabf2f8cec6dbad453de3832be01bac8e7e9c19075c29866ee22a8b50", size = 12714 }
wheels = [
    { url = "https://files.pythonhosted.org/packages/67/db/d3d40f89890511fc51f31e20d59f5ce5c618c587a19226f41cb66794c92a/qmk-1.1.6-py2.py3-none-any.whl", hash = "sha256:4819d42fe26141769a7c2060210450f015f8d21ab94c6efa63416c152a3051f0", size = 13777 },
]

[[package]]
name = "qmk-dotty-dict"
version = "1.3.0.post1"
source = { registry = "https://pypi.org/simple" }
sdist = { url = "https://files.pythonhosted.org/packages/8d/66/19e6e56e6839c495e5fcb258b07bbd4a7879a2865de84c35e12074484ea6/qmk_dotty_dict-1.3.0.post1.tar.gz", hash = "sha256:3b611e393660bfaa6835c68e94784bae80fe07b8490978b5ecab03a0d2fc7ea2", size = 34474 }
wheels = [
    { url = "https://files.pythonhosted.org/packages/b2/1a/05fe9265206c0645b7ecf3384ba4de7f30b1507e7f5b16c4f0a440aff9dc/qmk_dotty_dict-1.3.0.post1-py3-none-any.whl", hash = "sha256:a9cb7fc3ff9631190fee0ecac14986a0ac7b4b6892347dc9d7486a4c4ea24492", size = 7507 },
]

[[package]]
name = "qmk-firmware"
version = "0.16.7"
source = { virtual = "." }
dependencies = [
    { name = "appdirs" },
    { name = "argcomplete" },
    { name = "colorama" },
    { name = "dotty-dict" },
    { name = "hid" },
    { name = "hjson" },
    { name = "jsonschema" },
    { name = "milc" },
    { name = "pillow" },
    { name = "pygments" },
    { name = "pyusb" },
    { name = "qmk" },
    { name = "qmk-dotty-dict" },
]

[package.metadata]
requires-dist = [
    { name = "appdirs", specifier = "<1.5.0" },
    { name = "argcomplete", specifier = "<1.13.0" },
    { name = "colorama", specifier = "<0.5.0" },
    { name = "dotty-dict", specifier = "<1.4.0" },
    { name = "hid", specifier = "<1.1.0" },
    { name = "hjson", specifier = "<3.1.0" },
    { name = "jsonschema", specifier = ">=4" },
    { name = "milc", specifier = ">=1.4.2" },
    { name = "pillow", specifier = "<9.2.0" },
    { name = "pygments", specifier = "<2.10.0" },
    { name = "pyusb", specifier = "<1.3.0" },
    { name = "qmk", specifier = "<1.2.0" },
    { name = "qmk-dotty-dict", specifier = "<1.4.0" },
]

[[package]]
name = "referencing"
version = "0.35.1"
source = { registry = "https://pypi.org/simple" }
dependencies = [
    { name = "attrs" },
    { name = "rpds-py" },
]
sdist = { url = "https://files.pythonhosted.org/packages/99/5b/73ca1f8e72fff6fa52119dbd185f73a907b1989428917b24cff660129b6d/referencing-0.35.1.tar.gz", hash = "sha256:25b42124a6c8b632a425174f24087783efb348a6f1e0008e63cd4466fedf703c", size = 62991 }
wheels = [
    { url = "https://files.pythonhosted.org/packages/b7/59/2056f61236782a2c86b33906c025d4f4a0b17be0161b63b70fd9e8775d36/referencing-0.35.1-py3-none-any.whl", hash = "sha256:eda6d3234d62814d1c64e305c1331c9a3a6132da475ab6382eaa997b21ee75de", size = 26684 },
]

[[package]]
name = "rpds-py"
version = "0.22.3"
source = { registry = "https://pypi.org/simple" }
sdist = { url = "https://files.pythonhosted.org/packages/01/80/cce854d0921ff2f0a9fa831ba3ad3c65cee3a46711addf39a2af52df2cfd/rpds_py-0.22.3.tar.gz", hash = "sha256:e32fee8ab45d3c2db6da19a5323bc3362237c8b653c70194414b892fd06a080d", size = 26771 }
wheels = [
    { url = "https://files.pythonhosted.org/packages/42/2a/ead1d09e57449b99dcc190d8d2323e3a167421d8f8fdf0f217c6f6befe47/rpds_py-0.22.3-cp310-cp310-macosx_10_12_x86_64.whl", hash = "sha256:6c7b99ca52c2c1752b544e310101b98a659b720b21db00e65edca34483259967", size = 359514 },
    { url = "https://files.pythonhosted.org/packages/8f/7e/1254f406b7793b586c68e217a6a24ec79040f85e030fff7e9049069284f4/rpds_py-0.22.3-cp310-cp310-macosx_11_0_arm64.whl", hash = "sha256:be2eb3f2495ba669d2a985f9b426c1797b7d48d6963899276d22f23e33d47e37", size = 349031 },
    { url = "https://files.pythonhosted.org/packages/aa/da/17c6a2c73730d426df53675ff9cc6653ac7a60b6438d03c18e1c822a576a/rpds_py-0.22.3-cp310-cp310-manylinux_2_17_aarch64.manylinux2014_aarch64.whl", hash = "sha256:70eb60b3ae9245ddea20f8a4190bd79c705a22f8028aaf8bbdebe4716c3fab24", size = 381485 },
    { url = "https://files.pythonhosted.org/packages/aa/13/2dbacd820466aa2a3c4b747afb18d71209523d353cf865bf8f4796c969ea/rpds_py-0.22.3-cp310-cp310-manylinux_2_17_armv7l.manylinux2014_armv7l.whl", hash = "sha256:4041711832360a9b75cfb11b25a6a97c8fb49c07b8bd43d0d02b45d0b499a4ff", size = 386794 },
    { url = "https://files.pythonhosted.org/packages/6d/62/96905d0a35ad4e4bc3c098b2f34b2e7266e211d08635baa690643d2227be/rpds_py-0.22.3-cp310-cp310-manylinux_2_17_ppc64le.manylinux2014_ppc64le.whl", hash = "sha256:64607d4cbf1b7e3c3c8a14948b99345eda0e161b852e122c6bb71aab6d1d798c", size = 423523 },
    { url = "https://files.pythonhosted.org/packages/eb/1b/d12770f2b6a9fc2c3ec0d810d7d440f6d465ccd8b7f16ae5385952c28b89/rpds_py-0.22.3-cp310-cp310-manylinux_2_17_s390x.manylinux2014_s390x.whl", hash = "sha256:81e69b0a0e2537f26d73b4e43ad7bc8c8efb39621639b4434b76a3de50c6966e", size = 446695 },
    { url = "https://files.pythonhosted.org/packages/4d/cf/96f1fd75512a017f8e07408b6d5dbeb492d9ed46bfe0555544294f3681b3/rpds_py-0.22.3-cp310-cp310-manylinux_2_17_x86_64.manylinux2014_x86_64.whl", hash = "sha256:bc27863442d388870c1809a87507727b799c8460573cfbb6dc0eeaef5a11b5ec", size = 381959 },
    { url = "https://files.pythonhosted.org/packages/ab/f0/d1c5b501c8aea85aeb938b555bfdf7612110a2f8cdc21ae0482c93dd0c24/rpds_py-0.22.3-cp310-cp310-manylinux_2_5_i686.manylinux1_i686.whl", hash = "sha256:e79dd39f1e8c3504be0607e5fc6e86bb60fe3584bec8b782578c3b0fde8d932c", size = 410420 },
    { url = "https://files.pythonhosted.org/packages/33/3b/45b6c58fb6aad5a569ae40fb890fc494c6b02203505a5008ee6dc68e65f7/rpds_py-0.22.3-cp310-cp310-musllinux_1_2_aarch64.whl", hash = "sha256:e0fa2d4ec53dc51cf7d3bb22e0aa0143966119f42a0c3e4998293a3dd2856b09", size = 557620 },
    { url = "https://files.pythonhosted.org/packages/83/62/3fdd2d3d47bf0bb9b931c4c73036b4ab3ec77b25e016ae26fab0f02be2af/rpds_py-0.22.3-cp310-cp310-musllinux_1_2_i686.whl", hash = "sha256:fda7cb070f442bf80b642cd56483b5548e43d366fe3f39b98e67cce780cded00", size = 584202 },
    { url = "https://files.pythonhosted.org/packages/04/f2/5dced98b64874b84ca824292f9cee2e3f30f3bcf231d15a903126684f74d/rpds_py-0.22.3-cp310-cp310-musllinux_1_2_x86_64.whl", hash = "sha256:cff63a0272fcd259dcc3be1657b07c929c466b067ceb1c20060e8d10af56f5bf", size = 552787 },
    { url = "https://files.pythonhosted.org/packages/67/13/2273dea1204eda0aea0ef55145da96a9aa28b3f88bb5c70e994f69eda7c3/rpds_py-0.22.3-cp310-cp310-win32.whl", hash = "sha256:9bd7228827ec7bb817089e2eb301d907c0d9827a9e558f22f762bb690b131652", size = 220088 },
    { url = "https://files.pythonhosted.org/packages/4e/80/8c8176b67ad7f4a894967a7a4014ba039626d96f1d4874d53e409b58d69f/rpds_py-0.22.3-cp310-cp310-win_amd64.whl", hash = "sha256:9beeb01d8c190d7581a4d59522cd3d4b6887040dcfc744af99aa59fef3e041a8", size = 231737 },
    { url = "https://files.pythonhosted.org/packages/15/ad/8d1ddf78f2805a71253fcd388017e7b4a0615c22c762b6d35301fef20106/rpds_py-0.22.3-cp311-cp311-macosx_10_12_x86_64.whl", hash = "sha256:d20cfb4e099748ea39e6f7b16c91ab057989712d31761d3300d43134e26e165f", size = 359773 },
    { url = "https://files.pythonhosted.org/packages/c8/75/68c15732293a8485d79fe4ebe9045525502a067865fa4278f178851b2d87/rpds_py-0.22.3-cp311-cp311-macosx_11_0_arm64.whl", hash = "sha256:68049202f67380ff9aa52f12e92b1c30115f32e6895cd7198fa2a7961621fc5a", size = 349214 },
    { url = "https://files.pythonhosted.org/packages/3c/4c/7ce50f3070083c2e1b2bbd0fb7046f3da55f510d19e283222f8f33d7d5f4/rpds_py-0.22.3-cp311-cp311-manylinux_2_17_aarch64.manylinux2014_aarch64.whl", hash = "sha256:fb4f868f712b2dd4bcc538b0a0c1f63a2b1d584c925e69a224d759e7070a12d5", size = 380477 },
    { url = "https://files.pythonhosted.org/packages/9a/e9/835196a69cb229d5c31c13b8ae603bd2da9a6695f35fe4270d398e1db44c/rpds_py-0.22.3-cp311-cp311-manylinux_2_17_armv7l.manylinux2014_armv7l.whl", hash = "sha256:bc51abd01f08117283c5ebf64844a35144a0843ff7b2983e0648e4d3d9f10dbb", size = 386171 },
    { url = "https://files.pythonhosted.org/packages/f9/8e/33fc4eba6683db71e91e6d594a2cf3a8fbceb5316629f0477f7ece5e3f75/rpds_py-0.22.3-cp311-cp311-manylinux_2_17_ppc64le.manylinux2014_ppc64le.whl", hash = "sha256:0f3cec041684de9a4684b1572fe28c7267410e02450f4561700ca5a3bc6695a2", size = 422676 },
    { url = "https://files.pythonhosted.org/packages/37/47/2e82d58f8046a98bb9497a8319604c92b827b94d558df30877c4b3c6ccb3/rpds_py-0.22.3-cp311-cp311-manylinux_2_17_s390x.manylinux2014_s390x.whl", hash = "sha256:7ef9d9da710be50ff6809fed8f1963fecdfecc8b86656cadfca3bc24289414b0", size = 446152 },
    { url = "https://files.pythonhosted.org/packages/e1/78/79c128c3e71abbc8e9739ac27af11dc0f91840a86fce67ff83c65d1ba195/rpds_py-0.22.3-cp311-cp311-manylinux_2_17_x86_64.manylinux2014_x86_64.whl", hash = "sha256:59f4a79c19232a5774aee369a0c296712ad0e77f24e62cad53160312b1c1eaa1", size = 381300 },
    { url = "https://files.pythonhosted.org/packages/c9/5b/2e193be0e8b228c1207f31fa3ea79de64dadb4f6a4833111af8145a6bc33/rpds_py-0.22.3-cp311-cp311-manylinux_2_5_i686.manylinux1_i686.whl", hash = "sha256:1a60bce91f81ddaac922a40bbb571a12c1070cb20ebd6d49c48e0b101d87300d", size = 409636 },
    { url = "https://files.pythonhosted.org/packages/c2/3f/687c7100b762d62186a1c1100ffdf99825f6fa5ea94556844bbbd2d0f3a9/rpds_py-0.22.3-cp311-cp311-musllinux_1_2_aarch64.whl", hash = "sha256:e89391e6d60251560f0a8f4bd32137b077a80d9b7dbe6d5cab1cd80d2746f648", size = 556708 },
    { url = "https://files.pythonhosted.org/packages/8c/a2/c00cbc4b857e8b3d5e7f7fc4c81e23afd8c138b930f4f3ccf9a41a23e9e4/rpds_py-0.22.3-cp311-cp311-musllinux_1_2_i686.whl", hash = "sha256:e3fb866d9932a3d7d0c82da76d816996d1667c44891bd861a0f97ba27e84fc74", size = 583554 },
    { url = "https://files.pythonhosted.org/packages/d0/08/696c9872cf56effdad9ed617ac072f6774a898d46b8b8964eab39ec562d2/rpds_py-0.22.3-cp311-cp311-musllinux_1_2_x86_64.whl", hash = "sha256:1352ae4f7c717ae8cba93421a63373e582d19d55d2ee2cbb184344c82d2ae55a", size = 552105 },
    { url = "https://files.pythonhosted.org/packages/18/1f/4df560be1e994f5adf56cabd6c117e02de7c88ee238bb4ce03ed50da9d56/rpds_py-0.22.3-cp311-cp311-win32.whl", hash = "sha256:b0b4136a252cadfa1adb705bb81524eee47d9f6aab4f2ee4fa1e9d3cd4581f64", size = 220199 },
    { url = "https://files.pythonhosted.org/packages/b8/1b/c29b570bc5db8237553002788dc734d6bd71443a2ceac2a58202ec06ef12/rpds_py-0.22.3-cp311-cp311-win_amd64.whl", hash = "sha256:8bd7c8cfc0b8247c8799080fbff54e0b9619e17cdfeb0478ba7295d43f635d7c", size = 231775 },
    { url = "https://files.pythonhosted.org/packages/75/47/3383ee3bd787a2a5e65a9b9edc37ccf8505c0a00170e3a5e6ea5fbcd97f7/rpds_py-0.22.3-cp312-cp312-macosx_10_12_x86_64.whl", hash = "sha256:27e98004595899949bd7a7b34e91fa7c44d7a97c40fcaf1d874168bb652ec67e", size = 352334 },
    { url = "https://files.pythonhosted.org/packages/40/14/aa6400fa8158b90a5a250a77f2077c0d0cd8a76fce31d9f2b289f04c6dec/rpds_py-0.22.3-cp312-cp312-macosx_11_0_arm64.whl", hash = "sha256:1978d0021e943aae58b9b0b196fb4895a25cc53d3956b8e35e0b7682eefb6d56", size = 342111 },
    { url = "https://files.pythonhosted.org/packages/7d/06/395a13bfaa8a28b302fb433fb285a67ce0ea2004959a027aea8f9c52bad4/rpds_py-0.22.3-cp312-cp312-manylinux_2_17_aarch64.manylinux2014_aarch64.whl", hash = "sha256:655ca44a831ecb238d124e0402d98f6212ac527a0ba6c55ca26f616604e60a45", size = 384286 },
    { url = "https://files.pythonhosted.org/packages/43/52/d8eeaffab047e6b7b7ef7f00d5ead074a07973968ffa2d5820fa131d7852/rpds_py-0.22.3-cp312-cp312-manylinux_2_17_armv7l.manylinux2014_armv7l.whl", hash = "sha256:feea821ee2a9273771bae61194004ee2fc33f8ec7db08117ef9147d4bbcbca8e", size = 391739 },
    { url = "https://files.pythonhosted.org/packages/83/31/52dc4bde85c60b63719610ed6f6d61877effdb5113a72007679b786377b8/rpds_py-0.22.3-cp312-cp312-manylinux_2_17_ppc64le.manylinux2014_ppc64le.whl", hash = "sha256:22bebe05a9ffc70ebfa127efbc429bc26ec9e9b4ee4d15a740033efda515cf3d", size = 427306 },
    { url = "https://files.pythonhosted.org/packages/70/d5/1bab8e389c2261dba1764e9e793ed6830a63f830fdbec581a242c7c46bda/rpds_py-0.22.3-cp312-cp312-manylinux_2_17_s390x.manylinux2014_s390x.whl", hash = "sha256:3af6e48651c4e0d2d166dc1b033b7042ea3f871504b6805ba5f4fe31581d8d38", size = 442717 },
    { url = "https://files.pythonhosted.org/packages/82/a1/a45f3e30835b553379b3a56ea6c4eb622cf11e72008229af840e4596a8ea/rpds_py-0.22.3-cp312-cp312-manylinux_2_17_x86_64.manylinux2014_x86_64.whl", hash = "sha256:e67ba3c290821343c192f7eae1d8fd5999ca2dc99994114643e2f2d3e6138b15", size = 385721 },
    { url = "https://files.pythonhosted.org/packages/a6/27/780c942de3120bdd4d0e69583f9c96e179dfff082f6ecbb46b8d6488841f/rpds_py-0.22.3-cp312-cp312-manylinux_2_5_i686.manylinux1_i686.whl", hash = "sha256:02fbb9c288ae08bcb34fb41d516d5eeb0455ac35b5512d03181d755d80810059", size = 415824 },
    { url = "https://files.pythonhosted.org/packages/94/0b/aa0542ca88ad20ea719b06520f925bae348ea5c1fdf201b7e7202d20871d/rpds_py-0.22.3-cp312-cp312-musllinux_1_2_aarch64.whl", hash = "sha256:f56a6b404f74ab372da986d240e2e002769a7d7102cc73eb238a4f72eec5284e", size = 561227 },
    { url = "https://files.pythonhosted.org/packages/0d/92/3ed77d215f82c8f844d7f98929d56cc321bb0bcfaf8f166559b8ec56e5f1/rpds_py-0.22.3-cp312-cp312-musllinux_1_2_i686.whl", hash = "sha256:0a0461200769ab3b9ab7e513f6013b7a97fdeee41c29b9db343f3c5a8e2b9e61", size = 587424 },
    { url = "https://files.pythonhosted.org/packages/09/42/cacaeb047a22cab6241f107644f230e2935d4efecf6488859a7dd82fc47d/rpds_py-0.22.3-cp312-cp312-musllinux_1_2_x86_64.whl", hash = "sha256:8633e471c6207a039eff6aa116e35f69f3156b3989ea3e2d755f7bc41754a4a7", size = 555953 },
    { url = "https://files.pythonhosted.org/packages/e6/52/c921dc6d5f5d45b212a456c1f5b17df1a471127e8037eb0972379e39dff4/rpds_py-0.22.3-cp312-cp312-win32.whl", hash = "sha256:593eba61ba0c3baae5bc9be2f5232430453fb4432048de28399ca7376de9c627", size = 221339 },
    { url = "https://files.pythonhosted.org/packages/f2/c7/f82b5be1e8456600395366f86104d1bd8d0faed3802ad511ef6d60c30d98/rpds_py-0.22.3-cp312-cp312-win_amd64.whl", hash = "sha256:d115bffdd417c6d806ea9069237a4ae02f513b778e3789a359bc5856e0404cc4", size = 235786 },
    { url = "https://files.pythonhosted.org/packages/d0/bf/36d5cc1f2c609ae6e8bf0fc35949355ca9d8790eceb66e6385680c951e60/rpds_py-0.22.3-cp313-cp313-macosx_10_12_x86_64.whl", hash = "sha256:ea7433ce7e4bfc3a85654aeb6747babe3f66eaf9a1d0c1e7a4435bbdf27fea84", size = 351657 },
    { url = "https://files.pythonhosted.org/packages/24/2a/f1e0fa124e300c26ea9382e59b2d582cba71cedd340f32d1447f4f29fa4e/rpds_py-0.22.3-cp313-cp313-macosx_11_0_arm64.whl", hash = "sha256:6dd9412824c4ce1aca56c47b0991e65bebb7ac3f4edccfd3f156150c96a7bf25", size = 341829 },
    { url = "https://files.pythonhosted.org/packages/cf/c2/0da1231dd16953845bed60d1a586fcd6b15ceaeb965f4d35cdc71f70f606/rpds_py-0.22.3-cp313-cp313-manylinux_2_17_aarch64.manylinux2014_aarch64.whl", hash = "sha256:20070c65396f7373f5df4005862fa162db5d25d56150bddd0b3e8214e8ef45b4", size = 384220 },
    { url = "https://files.pythonhosted.org/packages/c7/73/a4407f4e3a00a9d4b68c532bf2d873d6b562854a8eaff8faa6133b3588ec/rpds_py-0.22.3-cp313-cp313-manylinux_2_17_armv7l.manylinux2014_armv7l.whl", hash = "sha256:0b09865a9abc0ddff4e50b5ef65467cd94176bf1e0004184eb915cbc10fc05c5", size = 391009 },
    { url = "https://files.pythonhosted.org/packages/a9/c3/04b7353477ab360fe2563f5f0b176d2105982f97cd9ae80a9c5a18f1ae0f/rpds_py-0.22.3-cp313-cp313-manylinux_2_17_ppc64le.manylinux2014_ppc64le.whl", hash = "sha256:3453e8d41fe5f17d1f8e9c383a7473cd46a63661628ec58e07777c2fff7196dc", size = 426989 },
    { url = "https://files.pythonhosted.org/packages/8d/e6/e4b85b722bcf11398e17d59c0f6049d19cd606d35363221951e6d625fcb0/rpds_py-0.22.3-cp313-cp313-manylinux_2_17_s390x.manylinux2014_s390x.whl", hash = "sha256:f5d36399a1b96e1a5fdc91e0522544580dbebeb1f77f27b2b0ab25559e103b8b", size = 441544 },
    { url = "https://files.pythonhosted.org/packages/27/fc/403e65e56f65fff25f2973216974976d3f0a5c3f30e53758589b6dc9b79b/rpds_py-0.22.3-cp313-cp313-manylinux_2_17_x86_64.manylinux2014_x86_64.whl", hash = "sha256:009de23c9c9ee54bf11303a966edf4d9087cd43a6003672e6aa7def643d06518", size = 385179 },
    { url = "https://files.pythonhosted.org/packages/57/9b/2be9ff9700d664d51fd96b33d6595791c496d2778cb0b2a634f048437a55/rpds_py-0.22.3-cp313-cp313-manylinux_2_5_i686.manylinux1_i686.whl", hash = "sha256:1aef18820ef3e4587ebe8b3bc9ba6e55892a6d7b93bac6d29d9f631a3b4befbd", size = 415103 },
    { url = "https://files.pythonhosted.org/packages/bb/a5/03c2ad8ca10994fcf22dd2150dd1d653bc974fa82d9a590494c84c10c641/rpds_py-0.22.3-cp313-cp313-musllinux_1_2_aarch64.whl", hash = "sha256:f60bd8423be1d9d833f230fdbccf8f57af322d96bcad6599e5a771b151398eb2", size = 560916 },
    { url = "https://files.pythonhosted.org/packages/ba/2e/be4fdfc8b5b576e588782b56978c5b702c5a2307024120d8aeec1ab818f0/rpds_py-0.22.3-cp313-cp313-musllinux_1_2_i686.whl", hash = "sha256:62d9cfcf4948683a18a9aff0ab7e1474d407b7bab2ca03116109f8464698ab16", size = 587062 },
    { url = "https://files.pythonhosted.org/packages/67/e0/2034c221937709bf9c542603d25ad43a68b4b0a9a0c0b06a742f2756eb66/rpds_py-0.22.3-cp313-cp313-musllinux_1_2_x86_64.whl", hash = "sha256:9253fc214112405f0afa7db88739294295f0e08466987f1d70e29930262b4c8f", size = 555734 },
    { url = "https://files.pythonhosted.org/packages/ea/ce/240bae07b5401a22482b58e18cfbabaa392409b2797da60223cca10d7367/rpds_py-0.22.3-cp313-cp313-win32.whl", hash = "sha256:fb0ba113b4983beac1a2eb16faffd76cb41e176bf58c4afe3e14b9c681f702de", size = 220663 },
    { url = "https://files.pythonhosted.org/packages/cb/f0/d330d08f51126330467edae2fa4efa5cec8923c87551a79299380fdea30d/rpds_py-0.22.3-cp313-cp313-win_amd64.whl", hash = "sha256:c58e2339def52ef6b71b8f36d13c3688ea23fa093353f3a4fee2556e62086ec9", size = 235503 },
    { url = "https://files.pythonhosted.org/packages/f7/c4/dbe1cc03df013bf2feb5ad00615038050e7859f381e96fb5b7b4572cd814/rpds_py-0.22.3-cp313-cp313t-macosx_10_12_x86_64.whl", hash = "sha256:f82a116a1d03628a8ace4859556fb39fd1424c933341a08ea3ed6de1edb0283b", size = 347698 },
    { url = "https://files.pythonhosted.org/packages/a4/3a/684f66dd6b0f37499cad24cd1c0e523541fd768576fa5ce2d0a8799c3cba/rpds_py-0.22.3-cp313-cp313t-macosx_11_0_arm64.whl", hash = "sha256:3dfcbc95bd7992b16f3f7ba05af8a64ca694331bd24f9157b49dadeeb287493b", size = 337330 },
    { url = "https://files.pythonhosted.org/packages/82/eb/e022c08c2ce2e8f7683baa313476492c0e2c1ca97227fe8a75d9f0181e95/rpds_py-0.22.3-cp313-cp313t-manylinux_2_17_aarch64.manylinux2014_aarch64.whl", hash = "sha256:59259dc58e57b10e7e18ce02c311804c10c5a793e6568f8af4dead03264584d1", size = 380022 },
    { url = "https://files.pythonhosted.org/packages/e4/21/5a80e653e4c86aeb28eb4fea4add1f72e1787a3299687a9187105c3ee966/rpds_py-0.22.3-cp313-cp313t-manylinux_2_17_armv7l.manylinux2014_armv7l.whl", hash = "sha256:5725dd9cc02068996d4438d397e255dcb1df776b7ceea3b9cb972bdb11260a83", size = 390754 },
    { url = "https://files.pythonhosted.org/packages/37/a4/d320a04ae90f72d080b3d74597074e62be0a8ecad7d7321312dfe2dc5a6a/rpds_py-0.22.3-cp313-cp313t-manylinux_2_17_ppc64le.manylinux2014_ppc64le.whl", hash = "sha256:99b37292234e61325e7a5bb9689e55e48c3f5f603af88b1642666277a81f1fbd", size = 423840 },
    { url = "https://files.pythonhosted.org/packages/87/70/674dc47d93db30a6624279284e5631be4c3a12a0340e8e4f349153546728/rpds_py-0.22.3-cp313-cp313t-manylinux_2_17_s390x.manylinux2014_s390x.whl", hash = "sha256:27b1d3b3915a99208fee9ab092b8184c420f2905b7d7feb4aeb5e4a9c509b8a1", size = 438970 },
    { url = "https://files.pythonhosted.org/packages/3f/64/9500f4d66601d55cadd21e90784cfd5d5f4560e129d72e4339823129171c/rpds_py-0.22.3-cp313-cp313t-manylinux_2_17_x86_64.manylinux2014_x86_64.whl", hash = "sha256:f612463ac081803f243ff13cccc648578e2279295048f2a8d5eb430af2bae6e3", size = 383146 },
    { url = "https://files.pythonhosted.org/packages/4d/45/630327addb1d17173adcf4af01336fd0ee030c04798027dfcb50106001e0/rpds_py-0.22.3-cp313-cp313t-manylinux_2_5_i686.manylinux1_i686.whl", hash = "sha256:f73d3fef726b3243a811121de45193c0ca75f6407fe66f3f4e183c983573e130", size = 408294 },
    { url = "https://files.pythonhosted.org/packages/5f/ef/8efb3373cee54ea9d9980b772e5690a0c9e9214045a4e7fa35046e399fee/rpds_py-0.22.3-cp313-cp313t-musllinux_1_2_aarch64.whl", hash = "sha256:3f21f0495edea7fdbaaa87e633a8689cd285f8f4af5c869f27bc8074638ad69c", size = 556345 },
    { url = "https://files.pythonhosted.org/packages/54/01/151d3b9ef4925fc8f15bfb131086c12ec3c3d6dd4a4f7589c335bf8e85ba/rpds_py-0.22.3-cp313-cp313t-musllinux_1_2_i686.whl", hash = "sha256:1e9663daaf7a63ceccbbb8e3808fe90415b0757e2abddbfc2e06c857bf8c5e2b", size = 582292 },
    { url = "https://files.pythonhosted.org/packages/30/89/35fc7a6cdf3477d441c7aca5e9bbf5a14e0f25152aed7f63f4e0b141045d/rpds_py-0.22.3-cp313-cp313t-musllinux_1_2_x86_64.whl", hash = "sha256:a76e42402542b1fae59798fab64432b2d015ab9d0c8c47ba7addddbaf7952333", size = 553855 },
    { url = "https://files.pythonhosted.org/packages/8f/e0/830c02b2457c4bd20a8c5bb394d31d81f57fbefce2dbdd2e31feff4f7003/rpds_py-0.22.3-cp313-cp313t-win32.whl", hash = "sha256:69803198097467ee7282750acb507fba35ca22cc3b85f16cf45fb01cb9097730", size = 219100 },
    { url = "https://files.pythonhosted.org/packages/f8/30/7ac943f69855c2db77407ae363484b915d861702dbba1aa82d68d57f42be/rpds_py-0.22.3-cp313-cp313t-win_amd64.whl", hash = "sha256:f5cf2a0c2bdadf3791b5c205d55a37a54025c6e18a71c71f82bb536cf9a454bf", size = 233794 },
    { url = "https://files.pythonhosted.org/packages/8b/63/e29f8ee14fcf383574f73b6bbdcbec0fbc2e5fc36b4de44d1ac389b1de62/rpds_py-0.22.3-pp310-pypy310_pp73-macosx_10_12_x86_64.whl", hash = "sha256:d48424e39c2611ee1b84ad0f44fb3b2b53d473e65de061e3f460fc0be5f1939d", size = 360786 },
    { url = "https://files.pythonhosted.org/packages/d3/e0/771ee28b02a24e81c8c0e645796a371350a2bb6672753144f36ae2d2afc9/rpds_py-0.22.3-pp310-pypy310_pp73-macosx_11_0_arm64.whl", hash = "sha256:24e8abb5878e250f2eb0d7859a8e561846f98910326d06c0d51381fed59357bd", size = 350589 },
    { url = "https://files.pythonhosted.org/packages/cf/49/abad4c4a1e6f3adf04785a99c247bfabe55ed868133e2d1881200aa5d381/rpds_py-0.22.3-pp310-pypy310_pp73-manylinux_2_17_aarch64.manylinux2014_aarch64.whl", hash = "sha256:4b232061ca880db21fa14defe219840ad9b74b6158adb52ddf0e87bead9e8493", size = 381848 },
    { url = "https://files.pythonhosted.org/packages/3a/7d/f4bc6d6fbe6af7a0d2b5f2ee77079efef7c8528712745659ec0026888998/rpds_py-0.22.3-pp310-pypy310_pp73-manylinux_2_17_armv7l.manylinux2014_armv7l.whl", hash = "sha256:ac0a03221cdb5058ce0167ecc92a8c89e8d0decdc9e99a2ec23380793c4dcb96", size = 387879 },
    { url = "https://files.pythonhosted.org/packages/13/b0/575c797377fdcd26cedbb00a3324232e4cb2c5d121f6e4b0dbf8468b12ef/rpds_py-0.22.3-pp310-pypy310_pp73-manylinux_2_17_ppc64le.manylinux2014_ppc64le.whl", hash = "sha256:eb0c341fa71df5a4595f9501df4ac5abfb5a09580081dffbd1ddd4654e6e9123", size = 423916 },
    { url = "https://files.pythonhosted.org/packages/54/78/87157fa39d58f32a68d3326f8a81ad8fb99f49fe2aa7ad9a1b7d544f9478/rpds_py-0.22.3-pp310-pypy310_pp73-manylinux_2_17_s390x.manylinux2014_s390x.whl", hash = "sha256:bf9db5488121b596dbfc6718c76092fda77b703c1f7533a226a5a9f65248f8ad", size = 448410 },
    { url = "https://files.pythonhosted.org/packages/59/69/860f89996065a88be1b6ff2d60e96a02b920a262d8aadab99e7903986597/rpds_py-0.22.3-pp310-pypy310_pp73-manylinux_2_17_x86_64.manylinux2014_x86_64.whl", hash = "sha256:0b8db6b5b2d4491ad5b6bdc2bc7c017eec108acbf4e6785f42a9eb0ba234f4c9", size = 382841 },
    { url = "https://files.pythonhosted.org/packages/bd/d7/bc144e10d27e3cb350f98df2492a319edd3caaf52ddfe1293f37a9afbfd7/rpds_py-0.22.3-pp310-pypy310_pp73-manylinux_2_5_i686.manylinux1_i686.whl", hash = "sha256:b3d504047aba448d70cf6fa22e06cb09f7cbd761939fdd47604f5e007675c24e", size = 409662 },
    { url = "https://files.pythonhosted.org/packages/14/2a/6bed0b05233c291a94c7e89bc76ffa1c619d4e1979fbfe5d96024020c1fb/rpds_py-0.22.3-pp310-pypy310_pp73-musllinux_1_2_aarch64.whl", hash = "sha256:e61b02c3f7a1e0b75e20c3978f7135fd13cb6cf551bf4a6d29b999a88830a338", size = 558221 },
    { url = "https://files.pythonhosted.org/packages/11/23/cd8f566de444a137bc1ee5795e47069a947e60810ba4152886fe5308e1b7/rpds_py-0.22.3-pp310-pypy310_pp73-musllinux_1_2_i686.whl", hash = "sha256:e35ba67d65d49080e8e5a1dd40101fccdd9798adb9b050ff670b7d74fa41c566", size = 583780 },
    { url = "https://files.pythonhosted.org/packages/8d/63/79c3602afd14d501f751e615a74a59040328da5ef29ed5754ae80d236b84/rpds_py-0.22.3-pp310-pypy310_pp73-musllinux_1_2_x86_64.whl", hash = "sha256:26fd7cac7dd51011a245f29a2cc6489c4608b5a8ce8d75661bb4a1066c52dfbe", size = 553619 },
    { url = "https://files.pythonhosted.org/packages/9f/2e/c5c1689e80298d4e94c75b70faada4c25445739d91b94c211244a3ed7ed1/rpds_py-0.22.3-pp310-pypy310_pp73-win_amd64.whl", hash = "sha256:177c7c0fce2855833819c98e43c262007f42ce86651ffbb84f37883308cb0e7d", size = 233338 },
]

[[package]]
name = "setuptools"
version = "75.6.0"
source = { registry = "https://pypi.org/simple" }
sdist = { url = "https://files.pythonhosted.org/packages/43/54/292f26c208734e9a7f067aea4a7e282c080750c4546559b58e2e45413ca0/setuptools-75.6.0.tar.gz", hash = "sha256:8199222558df7c86216af4f84c30e9b34a61d8ba19366cc914424cdbd28252f6", size = 1337429 }
wheels = [
    { url = "https://files.pythonhosted.org/packages/55/21/47d163f615df1d30c094f6c8bbb353619274edccf0327b185cc2493c2c33/setuptools-75.6.0-py3-none-any.whl", hash = "sha256:ce74b49e8f7110f9bf04883b730f4765b774ef3ef28f722cce7c273d253aaf7d", size = 1224032 },
]

[[package]]
name = "six"
version = "1.17.0"
source = { registry = "https://pypi.org/simple" }
sdist = { url = "https://files.pythonhosted.org/packages/94/e7/b2c673351809dca68a0e064b6af791aa332cf192da575fd474ed7d6f16a2/six-1.17.0.tar.gz", hash = "sha256:ff70335d468e7eb6ec65b95b99d3a2836546063f63acc5171de367e834932a81", size = 34031 }
wheels = [
    { url = "https://files.pythonhosted.org/packages/b7/ce/149a00dd41f10bc29e5921b496af8b574d8413afcd5e30dfa0ed46c2cc5e/six-1.17.0-py2.py3-none-any.whl", hash = "sha256:4721f391ed90541fddacab5acf947aa0d3dc7d27b2e1e8eda2be8970586c3274", size = 11050 },
]

[[package]]
name = "spinners"
version = "0.0.24"
source = { registry = "https://pypi.org/simple" }
sdist = { url = "https://files.pythonhosted.org/packages/d3/91/bb331f0a43e04d950a710f402a0986a54147a35818df0e1658551c8d12e1/spinners-0.0.24.tar.gz", hash = "sha256:1eb6aeb4781d72ab42ed8a01dcf20f3002bf50740d7154d12fb8c9769bf9e27f", size = 5308 }
wheels = [
    { url = "https://files.pythonhosted.org/packages/9f/8e/3310207a68118000ca27ac878b8386123628b335ecb3d4bec4743357f0d1/spinners-0.0.24-py3-none-any.whl", hash = "sha256:2fa30d0b72c9650ad12bbe031c9943b8d441e41b4f5602b0ec977a19f3290e98", size = 5499 },
]

[[package]]
name = "termcolor"
version = "2.5.0"
source = { registry = "https://pypi.org/simple" }
sdist = { url = "https://files.pythonhosted.org/packages/37/72/88311445fd44c455c7d553e61f95412cf89054308a1aa2434ab835075fc5/termcolor-2.5.0.tar.gz", hash = "sha256:998d8d27da6d48442e8e1f016119076b690d962507531df4890fcd2db2ef8a6f", size = 13057 }
wheels = [
    { url = "https://files.pythonhosted.org/packages/7f/be/df630c387a0a054815d60be6a97eb4e8f17385d5d6fe660e1c02750062b4/termcolor-2.5.0-py3-none-any.whl", hash = "sha256:37b17b5fc1e604945c2642c872a3764b5d547a48009871aea3edd3afa180afb8", size = 7755 },
]

[[package]]
name = "types-colorama"
version = "0.4.15.20240311"
source = { registry = "https://pypi.org/simple" }
sdist = { url = "https://files.pythonhosted.org/packages/59/73/0fb0b9fe4964b45b2a06ed41b60c352752626db46aa0fb70a49a9e283a75/types-colorama-0.4.15.20240311.tar.gz", hash = "sha256:a28e7f98d17d2b14fb9565d32388e419f4108f557a7d939a66319969b2b99c7a", size = 5608 }
wheels = [
    { url = "https://files.pythonhosted.org/packages/b7/83/6944b4fa01efb2e63ac62b791a8ddf0fee358f93be9f64b8f152648ad9d3/types_colorama-0.4.15.20240311-py3-none-any.whl", hash = "sha256:6391de60ddc0db3f147e31ecb230006a6823e81e380862ffca1e4695c13a0b8e", size = 5840 },
]
